Microsoft Visual Studio Solution File, Format Version 12.00
# Visual Studio Version 17
VisualStudioVersion = 17.5.2.0
MinimumVisualStudioVersion = 10.0.40219.1
Project("{FAE04EC0-301F-11D3-BF4B-00C04F79EFBC}") = "recorder", "recorder.csproj", "{E816FC09-5F47-2A23-9003-117F9148E111}"
EndProject
Global
	GlobalSection(SolutionConfigurationPlatforms) = preSolution
		Debug|Any CPU = Debug|Any CPU
		Release|Any CPU = Release|Any CPU
	EndGlobalSection
	GlobalSection(ProjectConfigurationPlatforms) = postSolution
		{E816FC09-5F47-2A23-9003-117F9148E111}.Debug|Any CPU.ActiveCfg = Debug|Any CPU
		{E816FC09-5F47-2A23-9003-117F9148E111}.Debug|Any CPU.Build.0 = Debug|Any CPU
		{E816FC09-5F47-2A23-9003-117F9148E111}.Release|Any CPU.ActiveCfg = Release|Any CPU
		{E816FC09-5F47-2A23-9003-117F9148E111}.Release|Any CPU.Build.0 = Release|Any CPU
	EndGlobalSection
	GlobalSection(SolutionProperties) = preSolution
		HideSolutionNode = FALSE
	EndGlobalSection
	GlobalSection(ExtensibilityGlobals) = postSolution
		SolutionGuid = {00525367-6C20-49F7-992F-C434C968BDD5}
	EndGlobalSection
EndGlobal
